// !$*UTF8*$!
{
	archiveVersion = 1;
	classes = {
	};
	objectVersion = 56;
	objects = {

/* Begin PBXBuildFile section */
		1F3480692AAE655100D679F7 /* movie_app_with_swiftApp.swift in Sources */ = {isa = PBXBuildFile; fileRef = 1F3480682AAE655100D679F7 /* movie_app_with_swiftApp.swift */; };
		1F34806B2AAE655100D679F7 /* ContentView.swift in Sources */ = {isa = PBXBuildFile; fileRef = 1F34806A2AAE655100D679F7 /* ContentView.swift */; };
		1F34806D2AAE655300D679F7 /* Assets.xcassets in Resources */ = {isa = PBXBuildFile; fileRef = 1F34806C2AAE655300D679F7 /* Assets.xcassets */; };
		1F3480702AAE655300D679F7 /* Preview Assets.xcassets in Resources */ = {isa = PBXBuildFile; fileRef = 1F34806F2AAE655300D679F7 /* Preview Assets.xcassets */; };
		1F34807A2AAE655300D679F7 /* movie_app_with_swiftTests.swift in Sources */ = {isa = PBXBuildFile; fileRef = 1F3480792AAE655300D679F7 /* movie_app_with_swiftTests.swift */; };
		1F3480842AAE655300D679F7 /* movie_app_with_swiftUITests.swift in Sources */ = {isa = PBXBuildFile; fileRef = 1F3480832AAE655300D679F7 /* movie_app_with_swiftUITests.swift */; };
		1F3480862AAE655300D679F7 /* movie_app_with_swiftUITestsLaunchTests.swift in Sources */ = {isa = PBXBuildFile; fileRef = 1F3480852AAE655300D679F7 /* movie_app_with_swiftUITestsLaunchTests.swift */; };
		1F3480982AAE65F500D679F7 /* Ticket.swift in Sources */ = {isa = PBXBuildFile; fileRef = 1F3480972AAE65F500D679F7 /* Ticket.swift */; };
		1F34809C2AAE662A00D679F7 /* Tickets.swift in Sources */ = {isa = PBXBuildFile; fileRef = 1F34809B2AAE662A00D679F7 /* Tickets.swift */; };
		1F3480A02AAE66D200D679F7 /* utils.swift in Sources */ = {isa = PBXBuildFile; fileRef = 1F34809F2AAE66D200D679F7 /* utils.swift */; };
		1F3480A52AAE67D200D679F7 /* TicketView.swift in Sources */ = {isa = PBXBuildFile; fileRef = 1F3480A42AAE67D200D679F7 /* TicketView.swift */; };
		1F3480AE2AAE68EB00D679F7 /* TicketData.swift in Sources */ = {isa = PBXBuildFile; fileRef = 1F3480AD2AAE68EB00D679F7 /* TicketData.swift */; };
		1F3480B12AAE695F00D679F7 /* CircleBackground.swift in Sources */ = {isa = PBXBuildFile; fileRef = 1F3480B02AAE695F00D679F7 /* CircleBackground.swift */; };
/* End PBXBuildFile section */

/* Begin PBXContainerItemProxy section */
		1F3480762AAE655300D679F7 /* PBXContainerItemProxy */ = {
			isa = PBXContainerItemProxy;
			containerPortal = 1F34805D2AAE655100D679F7 /* Project object */;
			proxyType = 1;
			remoteGlobalIDString = 1F3480642AAE655100D679F7;
			remoteInfo = "movie app with swift";
		};
		1F3480802AAE655300D679F7 /* PBXContainerItemProxy */ = {
			isa = PBXContainerItemProxy;
			containerPortal = 1F34805D2AAE655100D679F7 /* Project object */;
			proxyType = 1;
			remoteGlobalIDString = 1F3480642AAE655100D679F7;
			remoteInfo = "movie app with swift";
		};
/* End PBXContainerItemProxy section */

/* Begin PBXFileReference section */
		1F3480652AAE655100D679F7 /* movie app with swift.app */ = {isa = PBXFileReference; explicitFileType = wrapper.application; includeInIndex = 0; path = "movie app with swift.app"; sourceTree = BUILT_PRODUCTS_DIR; };
		1F3480682AAE655100D679F7 /* movie_app_with_swiftApp.swift */ = {isa = PBXFileReference; lastKnownFileType = sourcecode.swift; path = movie_app_with_swiftApp.swift; sourceTree = "<group>"; };
		1F34806A2AAE655100D679F7 /* ContentView.swift */ = {isa = PBXFileReference; lastKnownFileType = sourcecode.swift; path = ContentView.swift; sourceTree = "<group>"; };
		1F34806C2AAE655300D679F7 /* Assets.xcassets */ = {isa = PBXFileReference; lastKnownFileType = folder.assetcatalog; path = Assets.xcassets; sourceTree = "<group>"; };
		1F34806F2AAE655300D679F7 /* Preview Assets.xcassets */ = {isa = PBXFileReference; lastKnownFileType = folder.assetcatalog; path = "Preview Assets.xcassets"; sourceTree = "<group>"; };
		1F3480752AAE655300D679F7 /* movie app with swiftTests.xctest */ = {isa = PBXFileReference; explicitFileType = wrapper.cfbundle; includeInIndex = 0; path = "movie app with swiftTests.xctest"; sourceTree = BUILT_PRODUCTS_DIR; };
		1F3480792AAE655300D679F7 /* movie_app_with_swiftTests.swift */ = {isa = PBXFileReference; lastKnownFileType = sourcecode.swift; path = movie_app_with_swiftTests.swift; sourceTree = "<group>"; };
		1F34807F2AAE655300D679F7 /* movie app with swiftUITests.xctest */ = {isa = PBXFileReference; explicitFileType = wrapper.cfbundle; includeInIndex = 0; path = "movie app with swiftUITests.xctest"; sourceTree = BUILT_PRODUCTS_DIR; };
		1F3480832AAE655300D679F7 /* movie_app_with_swiftUITests.swift */ = {isa = PBXFileReference; lastKnownFileType = sourcecode.swift; path = movie_app_with_swiftUITests.swift; sourceTree = "<group>"; };
		1F3480852AAE655300D679F7 /* movie_app_with_swiftUITestsLaunchTests.swift */ = {isa = PBXFileReference; lastKnownFileType = sourcecode.swift; path = movie_app_with_swiftUITestsLaunchTests.swift; sourceTree = "<group>"; };
		1F3480972AAE65F500D679F7 /* Ticket.swift */ = {isa = PBXFileReference; lastKnownFileType = sourcecode.swift; path = Ticket.swift; sourceTree = "<group>"; };
		1F34809B2AAE662A00D679F7 /* Tickets.swift */ = {isa = PBXFileReference; lastKnownFileType = sourcecode.swift; path = Tickets.swift; sourceTree = "<group>"; };
		1F34809F2AAE66D200D679F7 /* utils.swift */ = {isa = PBXFileReference; lastKnownFileType = sourcecode.swift; path = utils.swift; sourceTree = "<group>"; };
		1F3480A42AAE67D200D679F7 /* TicketView.swift */ = {isa = PBXFileReference; lastKnownFileType = sourcecode.swift; path = TicketView.swift; sourceTree = "<group>"; };
		1F3480AD2AAE68EB00D679F7 /* TicketData.swift */ = {isa = PBXFileReference; lastKnownFileType = sourcecode.swift; path = TicketData.swift; sourceTree = "<group>"; };
		1F3480B02AAE695F00D679F7 /* CircleBackground.swift */ = {isa = PBXFileReference; lastKnownFileType = sourcecode.swift; path = CircleBackground.swift; sourceTree = "<group>"; };
		1F3480B22AAE6A5D00D679F7 /* movie-app-with-swift-Info.plist */ = {isa = PBXFileReference; lastKnownFileType = text.plist; path = "movie-app-with-swift-Info.plist"; sourceTree = SOURCE_ROOT; };
		1F3480B32AAE6D8500D679F7 /* Tajawal-Regular.ttf */ = {isa = PBXFileReference; lastKnownFileType = file; path = "Tajawal-Regular.ttf"; sourceTree = "<group>"; };
/* End PBXFileReference section */

/* Begin PBXFrameworksBuildPhase section */
		1F3480622AAE655100D679F7 /* Frameworks */ = {
			isa = PBXFrameworksBuildPhase;
			buildActionMask = 2147483647;
			files = (
			);
			runOnlyForDeploymentPostprocessing = 0;
		};
		1F3480722AAE655300D679F7 /* Frameworks */ = {
			isa = PBXFrameworksBuildPhase;
			buildActionMask = 2147483647;
			files = (
			);
			runOnlyForDeploymentPostprocessing = 0;
		};
		1F34807C2AAE655300D679F7 /* Frameworks */ = {
			isa = PBXFrameworksBuildPhase;
			buildActionMask = 2147483647;
			files = (
			);
			runOnlyForDeploymentPostprocessing = 0;
		};
/* End PBXFrameworksBuildPhase section */

/* Begin PBXGroup section */
		1F34805C2AAE655100D679F7 = {
			isa = PBXGroup;
			children = (
				1F3480672AAE655100D679F7 /* movie app with swift */,
				1F3480782AAE655300D679F7 /* movie app with swiftTests */,
				1F3480822AAE655300D679F7 /* movie app with swiftUITests */,
				1F3480662AAE655100D679F7 /* Products */,
			);
			sourceTree = "<group>";
		};
		1F3480662AAE655100D679F7 /* Products */ = {
			isa = PBXGroup;
			children = (
				1F3480652AAE655100D679F7 /* movie app with swift.app */,
				1F3480752AAE655300D679F7 /* movie app with swiftTests.xctest */,
				1F34807F2AAE655300D679F7 /* movie app with swiftUITests.xctest */,
			);
			name = Products;
			sourceTree = "<group>";
		};
		1F3480672AAE655100D679F7 /* movie app with swift */ = {
			isa = PBXGroup;
			children = (
				1F3480B22AAE6A5D00D679F7 /* movie-app-with-swift-Info.plist */,
				1F3480B32AAE6D8500D679F7 /* Tajawal-Regular.ttf */,
				1F3480AF2AAE694D00D679F7 /* UI */,
				1F3480AC2AAE68D700D679F7 /* Data */,
				1F3480A32AAE67B400D679F7 /* Views */,
				1F34809A2AAE661100D679F7 /* Cards */,
				1F3480682AAE655100D679F7 /* movie_app_with_swiftApp.swift */,
				1F34806A2AAE655100D679F7 /* ContentView.swift */,
				1F34806C2AAE655300D679F7 /* Assets.xcassets */,
				1F34806E2AAE655300D679F7 /* Preview Content */,
				1F34809F2AAE66D200D679F7 /* utils.swift */,
			);
			path = "movie app with swift";
			sourceTree = "<group>";
		};
		1F34806E2AAE655300D679F7 /* Preview Content */ = {
			isa = PBXGroup;
			children = (
				1F34806F2AAE655300D679F7 /* Preview Assets.xcassets */,
			);
			path = "Preview Content";
			sourceTree = "<group>";
		};
		1F3480782AAE655300D679F7 /* movie app with swiftTests */ = {
			isa = PBXGroup;
			children = (
				1F3480792AAE655300D679F7 /* movie_app_with_swiftTests.swift */,
			);
			path = "movie app with swiftTests";
			sourceTree = "<group>";
		};
		1F3480822AAE655300D679F7 /* movie app with swiftUITests */ = {
			isa = PBXGroup;
			children = (
				1F3480832AAE655300D679F7 /* movie_app_with_swiftUITests.swift */,
				1F3480852AAE655300D679F7 /* movie_app_with_swiftUITestsLaunchTests.swift */,
			);
			path = "movie app with swiftUITests";
			sourceTree = "<group>";
		};
		1F34809A2AAE661100D679F7 /* Cards */ = {
			isa = PBXGroup;
			children = (
				1F3480972AAE65F500D679F7 /* Ticket.swift */,
				1F34809B2AAE662A00D679F7 /* Tickets.swift */,
			);
			path = Cards;
			sourceTree = "<group>";
		};
		1F3480A32AAE67B400D679F7 /* Views */ = {
			isa = PBXGroup;
			children = (
				1F3480A42AAE67D200D679F7 /* TicketView.swift */,
			);
			path = Views;
			sourceTree = "<group>";
		};
		1F3480AC2AAE68D700D679F7 /* Data */ = {
			isa = PBXGroup;
			children = (
				1F3480AD2AAE68EB00D679F7 /* TicketData.swift */,
			);
			path = Data;
			sourceTree = "<group>";
		};
		1F3480AF2AAE694D00D679F7 /* UI */ = {
			isa = PBXGroup;
			children = (
				1F3480B02AAE695F00D679F7 /* CircleBackground.swift */,
			);
			path = UI;
			sourceTree = "<group>";
		};
/* End PBXGroup section */

/* Begin PBXNativeTarget section */
		1F3480642AAE655100D679F7 /* movie app with swift */ = {
			isa = PBXNativeTarget;
			buildConfigurationList = 1F3480892AAE655300D679F7 /* Build configuration list for PBXNativeTarget "movie app with swift" */;
			buildPhases = (
				1F3480612AAE655100D679F7 /* Sources */,
				1F3480622AAE655100D679F7 /* Frameworks */,
				1F3480632AAE655100D679F7 /* Resources */,
			);
			buildRules = (
			);
			dependencies = (
			);
			name = "movie app with swift";
			productName = "movie app with swift";
			productReference = 1F3480652AAE655100D679F7 /* movie app with swift.app */;
			productType = "com.apple.product-type.application";
		};
		1F3480742AAE655300D679F7 /* movie app with swiftTests */ = {
			isa = PBXNativeTarget;
			buildConfigurationList = 1F34808C2AAE655300D679F7 /* Build configuration list for PBXNativeTarget "movie app with swiftTests" */;
			buildPhases = (
				1F3480712AAE655300D679F7 /* Sources */,
				1F3480722AAE655300D679F7 /* Frameworks */,
				1F3480732AAE655300D679F7 /* Resources */,
			);
			buildRules = (
			);
			dependencies = (
				1F3480772AAE655300D679F7 /* PBXTargetDependency */,
			);
			name = "movie app with swiftTests";
			productName = "movie app with swiftTests";
			productReference = 1F3480752AAE655300D679F7 /* movie app with swiftTests.xctest */;
			productType = "com.apple.product-type.bundle.unit-test";
		};
		1F34807E2AAE655300D679F7 /* movie app with swiftUITests */ = {
			isa = PBXNativeTarget;
			buildConfigurationList = 1F34808F2AAE655300D679F7 /* Build configuration list for PBXNativeTarget "movie app with swiftUITests" */;
			buildPhases = (
				1F34807B2AAE655300D679F7 /* Sources */,
				1F34807C2AAE655300D679F7 /* Frameworks */,
				1F34807D2AAE655300D679F7 /* Resources */,
			);
			buildRules = (
			);
			dependencies = (
				1F3480812AAE655300D679F7 /* PBXTargetDependency */,
			);
			name = "movie app with swiftUITests";
			productName = "movie app with swiftUITests";
			productReference = 1F34807F2AAE655300D679F7 /* movie app with swiftUITests.xctest */;
			productType = "com.apple.product-type.bundle.ui-testing";
		};
/* End PBXNativeTarget section */

/* Begin PBXProject section */
		1F34805D2AAE655100D679F7 /* Project object */ = {
			isa = PBXProject;
			attributes = {
				BuildIndependentTargetsInParallel = 1;
				LastSwiftUpdateCheck = 1430;
				LastUpgradeCheck = 1430;
				TargetAttributes = {
					1F3480642AAE655100D679F7 = {
						CreatedOnToolsVersion = 14.3.1;
					};
					1F3480742AAE655300D679F7 = {
						CreatedOnToolsVersion = 14.3.1;
						TestTargetID = 1F3480642AAE655100D679F7;
					};
					1F34807E2AAE655300D679F7 = {
						CreatedOnToolsVersion = 14.3.1;
						TestTargetID = 1F3480642AAE655100D679F7;
					};
				};
			};
			buildConfigurationList = 1F3480602AAE655100D679F7 /* Build configuration list for PBXProject "movie app with swift" */;
			compatibilityVersion = "Xcode 14.0";
			developmentRegion = en;
			hasScannedForEncodings = 0;
			knownRegions = (
				en,
				Base,
			);
			mainGroup = 1F34805C2AAE655100D679F7;
			productRefGroup = 1F3480662AAE655100D679F7 /* Products */;
			projectDirPath = "";
			projectRoot = "";
			targets = (
				1F3480642AAE655100D679F7 /* movie app with swift */,
				1F3480742AAE655300D679F7 /* movie app with swiftTests */,
				1F34807E2AAE655300D679F7 /* movie app with swiftUITests */,
			);
		};
/* End PBXProject section */

/* Begin PBXResourcesBuildPhase section */
		1F3480632AAE655100D679F7 /* Resources */ = {
			isa = PBXResourcesBuildPhase;
			buildActionMask = 2147483647;
			files = (
				1F3480702AAE655300D679F7 /* Preview Assets.xcassets in Resources */,
				1F34806D2AAE655300D679F7 /* Assets.xcassets in Resources */,
			);
			runOnlyForDeploymentPostprocessing = 0;
		};
		1F3480732AAE655300D679F7 /* Resources */ = {
			isa = PBXResourcesBuildPhase;
			buildActionMask = 2147483647;
			files = (
			);
			runOnlyForDeploymentPostprocessing = 0;
		};
		1F34807D2AAE655300D679F7 /* Resources */ = {
			isa = PBXResourcesBuildPhase;
			buildActionMask = 2147483647;
			files = (
			);
			runOnlyForDeploymentPostprocessing = 0;
		};
/* End PBXResourcesBuildPhase section */

/* Begin PBXSourcesBuildPhase section */
		1F3480612AAE655100D679F7 /* Sources */ = {
			isa = PBXSourcesBuildPhase;
			buildActionMask = 2147483647;
			files = (
				1F3480AE2AAE68EB00D679F7 /* TicketData.swift in Sources */,
				1F3480A52AAE67D200D679F7 /* TicketView.swift in Sources */,
				1F3480A02AAE66D200D679F7 /* utils.swift in Sources */,
				1F3480B12AAE695F00D679F7 /* CircleBackground.swift in Sources */,
				1F34806B2AAE655100D679F7 /* ContentView.swift in Sources */,
				1F3480982AAE65F500D679F7 /* Ticket.swift in Sources */,
				1F3480692AAE655100D679F7 /* movie_app_with_swiftApp.swift in Sources */,
				1F34809C2AAE662A00D679F7 /* Tickets.swift in Sources */,
			);
			runOnlyForDeploymentPostprocessing = 0;
		};
		1F3480712AAE655300D679F7 /* Sources */ = {
			isa = PBXSourcesBuildPhase;
			buildActionMask = 2147483647;
			files = (
				1F34807A2AAE655300D679F7 /* movie_app_with_swiftTests.swift in Sources */,
			);
			runOnlyForDeploymentPostprocessing = 0;
		};
		1F34807B2AAE655300D679F7 /* Sources */ = {
			isa = PBXSourcesBuildPhase;
			buildActionMask = 2147483647;
			files = (
				1F3480842AAE655300D679F7 /* movie_app_with_swiftUITests.swift in Sources */,
				1F3480862AAE655300D679F7 /* movie_app_with_swiftUITestsLaunchTests.swift in Sources */,
			);
			runOnlyForDeploymentPostprocessing = 0;
		};
/* End PBXSourcesBuildPhase section */

/* Begin PBXTargetDependency section */
		1F3480772AAE655300D679F7 /* PBXTargetDependency */ = {
			isa = PBXTargetDependency;
			target = 1F3480642AAE655100D679F7 /* movie app with swift */;
			targetProxy = 1F3480762AAE655300D679F7 /* PBXContainerItemProxy */;
		};
		1F3480812AAE655300D679F7 /* PBXTargetDependency */ = {
			isa = PBXTargetDependency;
			target = 1F3480642AAE655100D679F7 /* movie app with swift */;
			targetProxy = 1F3480802AAE655300D679F7 /* PBXContainerItemProxy */;
		};
/* End PBXTargetDependency section */

/* Begin XCBuildConfiguration section */
		1F3480872AAE655300D679F7 /* Debug */ = {
			isa = XCBuildConfiguration;
			buildSettings = {
				ALWAYS_SEARCH_USER_PATHS = NO;
				CLANG_ANALYZER_NONNULL = YES;
				CLANG_ANALYZER_NUMBER_OBJECT_CONVERSION = YES_AGGRESSIVE;
				CLANG_CXX_LANGUAGE_STANDARD = "gnu++20";
				CLANG_ENABLE_MODULES = YES;
				CLANG_ENABLE_OBJC_ARC = YES;
				CLANG_ENABLE_OBJC_WEAK = YES;
				CLANG_WARN_BLOCK_CAPTURE_AUTORELEASING = YES;
				CLANG_WARN_BOOL_CONVERSION = YES;
				CLANG_WARN_COMMA = YES;
				CLANG_WARN_CONSTANT_CONVERSION = YES;
				CLANG_WARN_DEPRECATED_OBJC_IMPLEMENTATIONS = YES;
				CLANG_WARN_DIRECT_OBJC_ISA_USAGE = YES_ERROR;
				CLANG_WARN_DOCUMENTATION_COMMENTS = YES;
				CLANG_WARN_EMPTY_BODY = YES;
				CLANG_WARN_ENUM_CONVERSION = YES;
				CLANG_WARN_INFINITE_RECURSION = YES;
				CLANG_WARN_INT_CONVERSION = YES;
				CLANG_WARN_NON_LITERAL_NULL_CONVERSION = YES;
				CLANG_WARN_OBJC_IMPLICIT_RETAIN_SELF = YES;
				CLANG_WARN_OBJC_LITERAL_CONVERSION = YES;
				CLANG_WARN_OBJC_ROOT_CLASS = YES_ERROR;
				CLANG_WARN_QUOTED_INCLUDE_IN_FRAMEWORK_HEADER = YES;
				CLANG_WARN_RANGE_LOOP_ANALYSIS = YES;
				CLANG_WARN_STRICT_PROTOTYPES = YES;
				CLANG_WARN_SUSPICIOUS_MOVE = YES;
				CLANG_WARN_UNGUARDED_AVAILABILITY = YES_AGGRESSIVE;
				CLANG_WARN_UNREACHABLE_CODE = YES;
				CLANG_WARN__DUPLICATE_METHOD_MATCH = YES;
				COPY_PHASE_STRIP = NO;
				DEBUG_INFORMATION_FORMAT = dwarf;
				ENABLE_STRICT_OBJC_MSGSEND = YES;
				ENABLE_TESTABILITY = YES;
				GCC_C_LANGUAGE_STANDARD = gnu11;
				GCC_DYNAMIC_NO_PIC = NO;
				GCC_NO_COMMON_BLOCKS = YES;
				GCC_OPTIMIZATION_LEVEL = 0;
				GCC_PREPROCESSOR_DEFINITIONS = (
					"DEBUG=1",
					"$(inherited)",
				);
				GCC_WARN_64_TO_32_BIT_CONVERSION = YES;
				GCC_WARN_ABOUT_RETURN_TYPE = YES_ERROR;
				GCC_WARN_UNDECLARED_SELECTOR = YES;
				GCC_WARN_UNINITIALIZED_AUTOS = YES_AGGRESSIVE;
				GCC_WARN_UNUSED_FUNCTION = YES;
				GCC_WARN_UNUSED_VARIABLE = YES;
				IPHONEOS_DEPLOYMENT_TARGET = 16.4;
				MTL_ENABLE_DEBUG_INFO = INCLUDE_SOURCE;
				MTL_FAST_MATH = YES;
				ONLY_ACTIVE_ARCH = YES;
				SDKROOT = iphoneos;
				SWIFT_ACTIVE_COMPILATION_CONDITIONS = DEBUG;
				SWIFT_OPTIMIZATION_LEVEL = "-Onone";
			};
			name = Debug;
		};
		1F3480882AAE655300D679F7 /* Release */ = {
			isa = XCBuildConfiguration;
			buildSettings = {
				ALWAYS_SEARCH_USER_PATHS = NO;
				CLANG_ANALYZER_NONNULL = YES;
				CLANG_ANALYZER_NUMBER_OBJECT_CONVERSION = YES_AGGRESSIVE;
				CLANG_CXX_LANGUAGE_STANDARD = "gnu++20";
				CLANG_ENABLE_MODULES = YES;
				CLANG_ENABLE_OBJC_ARC = YES;
				CLANG_ENABLE_OBJC_WEAK = YES;
				CLANG_WARN_BLOCK_CAPTURE_AUTORELEASING = YES;
				CLANG_WARN_BOOL_CONVERSION = YES;
				CLANG_WARN_COMMA = YES;
				CLANG_WARN_CONSTANT_CONVERSION = YES;
				CLANG_WARN_DEPRECATED_OBJC_IMPLEMENTATIONS = YES;
				CLANG_WARN_DIRECT_OBJC_ISA_USAGE = YES_ERROR;
				CLANG_WARN_DOCUMENTATION_COMMENTS = YES;
				CLANG_WARN_EMPTY_BODY = YES;
				CLANG_WARN_ENUM_CONVERSION = YES;
				CLANG_WARN_INFINITE_RECURSION = YES;
				CLANG_WARN_INT_CONVERSION = YES;
				CLANG_WARN_NON_LITERAL_NULL_CONVERSION = YES;
				CLANG_WARN_OBJC_IMPLICIT_RETAIN_SELF = YES;
				CLANG_WARN_OBJC_LITERAL_CONVERSION = YES;
				CLANG_WARN_OBJC_ROOT_CLASS = YES_ERROR;
				CLANG_WARN_QUOTED_INCLUDE_IN_FRAMEWORK_HEADER = YES;
				CLANG_WARN_RANGE_LOOP_ANALYSIS = YES;
				CLANG_WARN_STRICT_PROTOTYPES = YES;
				CLANG_WARN_SUSPICIOUS_MOVE = YES;
				CLANG_WARN_UNGUARDED_AVAILABILITY = YES_AGGRESSIVE;
				CLANG_WARN_UNREACHABLE_CODE = YES;
				CLANG_WARN__DUPLICATE_METHOD_MATCH = YES;
				COPY_PHASE_STRIP = NO;
				DEBUG_INFORMATION_FORMAT = "dwarf-with-dsym";
				ENABLE_NS_ASSERTIONS = NO;
				ENABLE_STRICT_OBJC_MSGSEND = YES;
				GCC_C_LANGUAGE_STANDARD = gnu11;
				GCC_NO_COMMON_BLOCKS = YES;
				GCC_WARN_64_TO_32_BIT_CONVERSION = YES;
				GCC_WARN_ABOUT_RETURN_TYPE = YES_ERROR;
				GCC_WARN_UNDECLARED_SELECTOR = YES;
				GCC_WARN_UNINITIALIZED_AUTOS = YES_AGGRESSIVE;
				GCC_WARN_UNUSED_FUNCTION = YES;
				GCC_WARN_UNUSED_VARIABLE = YES;
				IPHONEOS_DEPLOYMENT_TARGET = 16.4;
				MTL_ENABLE_DEBUG_INFO = NO;
				MTL_FAST_MATH = YES;
				SDKROOT = iphoneos;
				SWIFT_COMPILATION_MODE = wholemodule;
				SWIFT_OPTIMIZATION_LEVEL = "-O";
				VALIDATE_PRODUCT = YES;
			};
			name = Release;
		};
		1F34808A2AAE655300D679F7 /* Debug */ = {
			isa = XCBuildConfiguration;
			buildSettings = {
				ASSETCATALOG_COMPILER_APPICON_NAME = AppIcon;
				ASSETCATALOG_COMPILER_GLOBAL_ACCENT_COLOR_NAME = AccentColor;
				CODE_SIGN_STYLE = Automatic;
				CURRENT_PROJECT_VERSION = 1;
				DEVELOPMENT_ASSET_PATHS = "\"movie app with swift/Preview Content\"";
				DEVELOPMENT_TEAM = B7PNC7LV7A;
				ENABLE_PREVIEWS = YES;
				GENERATE_INFOPLIST_FILE = YES;
				INFOPLIST_FILE = "movie-app-with-swift-Info.plist";
				INFOPLIST_KEY_UIApplicationSceneManifest_Generation = YES;
				INFOPLIST_KEY_UIApplicationSupportsIndirectInputEvents = YES;
				INFOPLIST_KEY_UILaunchScreen_Generation = YES;
				INFOPLIST_KEY_UISupportedInterfaceOrientations_iPad = "UIInterfaceOrientationPortrait UIInterfaceOrientationPortraitUpsideDown UIInterfaceOrientationLandscapeLeft UIInterfaceOrientationLandscapeRight";
				INFOPLIST_KEY_UISupportedInterfaceOrientations_iPhone = "UIInterfaceOrientationPortrait UIInterfaceOrientationLandscapeLeft UIInterfaceOrientationLandscapeRight";
				LD_RUNPATH_SEARCH_PATHS = (
					"$(inherited)",
					"@executable_path/Frameworks",
				);
				MARKETING_VERSION = 1.0;
				PRODUCT_BUNDLE_IDENTIFIER = "com.walid.movie-app-with-swift";
				PRODUCT_NAME = "$(TARGET_NAME)";
				SWIFT_EMIT_LOC_STRINGS = YES;
				SWIFT_VERSION = 5.0;
				TARGETED_DEVICE_FAMILY = "1,2";
			};
			name = Debug;
		};
		1F34808B2AAE655300D679F7 /* Release */ = {
			isa = XCBuildConfiguration;
			buildSettings = {
				ASSETCATALOG_COMPILER_APPICON_NAME = AppIcon;
				ASSETCATALOG_COMPILER_GLOBAL_ACCENT_COLOR_NAME = AccentColor;
				CODE_SIGN_STYLE = Automatic;
				CURRENT_PROJECT_VERSION = 1;
				DEVELOPMENT_ASSET_PATHS = "\"movie app with swift/Preview Content\"";
				DEVELOPMENT_TEAM = B7PNC7LV7A;
				ENABLE_PREVIEWS = YES;
				GENERATE_INFOPLIST_FILE = YES;
				INFOPLIST_FILE = "movie-app-with-swift-Info.plist";
				INFOPLIST_KEY_UIApplicationSceneManifest_Generation = YES;
				INFOPLIST_KEY_UIApplicationSupportsIndirectInputEvents = YES;
				INFOPLIST_KEY_UILaunchScreen_Generation = YES;
				INFOPLIST_KEY_UISupportedInterfaceOrientations_iPad = "UIInterfaceOrientationPortrait UIInterfaceOrientationPortraitUpsideDown UIInterfaceOrientationLandscapeLeft UIInterfaceOrientationLandscapeRight";
				INFOPLIST_KEY_UISupportedInterfaceOrientations_iPhone = "UIInterfaceOrientationPortrait UIInterfaceOrientationLandscapeLeft UIInterfaceOrientationLandscapeRight";
				LD_RUNPATH_SEARCH_PATHS = (
					"$(inherited)",
					"@executable_path/Frameworks",
				);
				MARKETING_VERSION = 1.0;
				PRODUCT_BUNDLE_IDENTIFIER = "com.walid.movie-app-with-swift";
				PRODUCT_NAME = "$(TARGET_NAME)";
				SWIFT_EMIT_LOC_STRINGS = YES;
				SWIFT_VERSION = 5.0;
				TARGETED_DEVICE_FAMILY = "1,2";
			};
			name = Release;
		};
		1F34808D2AAE655300D679F7 /* Debug */ = {
			isa = XCBuildConfiguration;
			buildSettings = {
				ALWAYS_EMBED_SWIFT_STANDARD_LIBRARIES = YES;
				BUNDLE_LOADER = "$(TEST_HOST)";
				CODE_SIGN_STYLE = Automatic;
				CURRENT_PROJECT_VERSION = 1;
				DEVELOPMENT_TEAM = B7PNC7LV7A;
				GENERATE_INFOPLIST_FILE = YES;
				IPHONEOS_DEPLOYMENT_TARGET = 16.4;
				MARKETING_VERSION = 1.0;
				PRODUCT_BUNDLE_IDENTIFIER = "com.walid.movie-app-with-swiftTests";
				PRODUCT_NAME = "$(TARGET_NAME)";
				SWIFT_EMIT_LOC_STRINGS = NO;
				SWIFT_VERSION = 5.0;
				TARGETED_DEVICE_FAMILY = "1,2";
				TEST_HOST = "$(BUILT_PRODUCTS_DIR)/movie app with swift.app/$(BUNDLE_EXECUTABLE_FOLDER_PATH)/movie app with swift";
			};
			name = Debug;
		};
		1F34808E2AAE655300D679F7 /* Release */ = {
			isa = XCBuildConfiguration;
			buildSettings = {
				ALWAYS_EMBED_SWIFT_STANDARD_LIBRARIES = YES;
				BUNDLE_LOADER = "$(TEST_HOST)";
				CODE_SIGN_STYLE = Automatic;
				CURRENT_PROJECT_VERSION = 1;
				DEVELOPMENT_TEAM = B7PNC7LV7A;
				GENERATE_INFOPLIST_FILE = YES;
				IPHONEOS_DEPLOYMENT_TARGET = 16.4;
				MARKETING_VERSION = 1.0;
				PRODUCT_BUNDLE_IDENTIFIER = "com.walid.movie-app-with-swiftTests";
				PRODUCT_NAME = "$(TARGET_NAME)";
				SWIFT_EMIT_LOC_STRINGS = NO;
				SWIFT_VERSION = 5.0;
				TARGETED_DEVICE_FAMILY = "1,2";
				TEST_HOST = "$(BUILT_PRODUCTS_DIR)/movie app with swift.app/$(BUNDLE_EXECUTABLE_FOLDER_PATH)/movie app with swift";
			};
			name = Release;
		};
		1F3480902AAE655300D679F7 /* Debug */ = {
			isa = XCBuildConfiguration;
			buildSettings = {
				ALWAYS_EMBED_SWIFT_STANDARD_LIBRARIES = YES;
				CODE_SIGN_STYLE = Automatic;
				CURRENT_PROJECT_VERSION = 1;
				DEVELOPMENT_TEAM = B7PNC7LV7A;
				GENERATE_INFOPLIST_FILE = YES;
				MARKETING_VERSION = 1.0;
				PRODUCT_BUNDLE_IDENTIFIER = "com.walid.movie-app-with-swiftUITests";
				PRODUCT_NAME = "$(TARGET_NAME)";
				SWIFT_EMIT_LOC_STRINGS = NO;
				SWIFT_VERSION = 5.0;
				TARGETED_DEVICE_FAMILY = "1,2";
				TEST_TARGET_NAME = "movie app with swift";
			};
			name = Debug;
		};
		1F3480912AAE655300D679F7 /* Release */ = {
			isa = XCBuildConfiguration;
			buildSettings = {
				ALWAYS_EMBED_SWIFT_STANDARD_LIBRARIES = YES;
				CODE_SIGN_STYLE = Automatic;
				CURRENT_PROJECT_VERSION = 1;
				DEVELOPMENT_TEAM = B7PNC7LV7A;
				GENERATE_INFOPLIST_FILE = YES;
				MARKETING_VERSION = 1.0;
				PRODUCT_BUNDLE_IDENTIFIER = "com.walid.movie-app-with-swiftUITests";
				PRODUCT_NAME = "$(TARGET_NAME)";
				SWIFT_EMIT_LOC_STRINGS = NO;
				SWIFT_VERSION = 5.0;
				TARGETED_DEVICE_FAMILY = "1,2";
				TEST_TARGET_NAME = "movie app with swift";
			};
			name = Release;
		};
/* End XCBuildConfiguration section */

/* Begin XCConfigurationList section */
		1F3480602AAE655100D679F7 /* Build configuration list for PBXProject "movie app with swift" */ = {
			isa = XCConfigurationList;
			buildConfigurations = (
				1F3480872AAE655300D679F7 /* Debug */,
				1F3480882AAE655300D679F7 /* Release */,
			);
			defaultConfigurationIsVisible = 0;
			defaultConfigurationName = Release;
		};
		1F3480892AAE655300D679F7 /* Build configuration list for PBXNativeTarget "movie app with swift" */ = {
			isa = XCConfigurationList;
			buildConfigurations = (
				1F34808A2AAE655300D679F7 /* Debug */,
				1F34808B2AAE655300D679F7 /* Release */,
			);
			defaultConfigurationIsVisible = 0;
			defaultConfigurationName = Release;
		};
		1F34808C2AAE655300D679F7 /* Build configuration list for PBXNativeTarget "movie app with swiftTests" */ = {
			isa = XCConfigurationList;
			buildConfigurations = (
				1F34808D2AAE655300D679F7 /* Debug */,
				1F34808E2AAE655300D679F7 /* Release */,
			);
			defaultConfigurationIsVisible = 0;
			defaultConfigurationName = Release;
		};
		1F34808F2AAE655300D679F7 /* Build configuration list for PBXNativeTarget "movie app with swiftUITests" */ = {
			isa = XCConfigurationList;
			buildConfigurations = (
				1F3480902AAE655300D679F7 /* Debug */,
				1F3480912AAE655300D679F7 /* Release */,
			);
			defaultConfigurationIsVisible = 0;
			defaultConfigurationName = Release;
		};
/* End XCConfigurationList section */
	};
	rootObject = 1F34805D2AAE655100D679F7 /* Project object */;
}
